// !$*UTF8*$!
{
	archiveVersion = 1;
	classes = {
	};
	objectVersion = 51;
	objects = {

/* Begin PBXBuildFile section */
		0D0781F822FC8390006426FD /* RootPresentationViewController.swift in Sources */ = {isa = PBXBuildFile; fileRef = 0D0781F722FC8390006426FD /* RootPresentationViewController.swift */; };
		0D0781FA22FC897D006426FD /* Error.swift in Sources */ = {isa = PBXBuildFile; fileRef = 0D0781F922FC897D006426FD /* Error.swift */; };
		0D0A79C7230B0EE3002829C4 /* MoreInfoViewController.swift in Sources */ = {isa = PBXBuildFile; fileRef = 0D0A79C6230B0EE3002829C4 /* MoreInfoViewController.swift */; };
		0D0B60C122E660B4009D0FEF /* AppDelegate.swift in Sources */ = {isa = PBXBuildFile; fileRef = 0D0B60C022E660B4009D0FEF /* AppDelegate.swift */; };
		0D0B60C322E660B4009D0FEF /* GloryProfileViewController.swift in Sources */ = {isa = PBXBuildFile; fileRef = 0D0B60C222E660B4009D0FEF /* GloryProfileViewController.swift */; };
		0D0B60C822E660B6009D0FEF /* Assets.xcassets in Resources */ = {isa = PBXBuildFile; fileRef = 0D0B60C722E660B6009D0FEF /* Assets.xcassets */; };
		0D0B60CB22E660B6009D0FEF /* LaunchScreen.storyboard in Resources */ = {isa = PBXBuildFile; fileRef = 0D0B60C922E660B6009D0FEF /* LaunchScreen.storyboard */; };
		0D0B60E022E66414009D0FEF /* Label.swift in Sources */ = {isa = PBXBuildFile; fileRef = 0D0B60D822E66414009D0FEF /* Label.swift */; };
		0D0B60E122E66414009D0FEF /* extentions.swift in Sources */ = {isa = PBXBuildFile; fileRef = 0D0B60D922E66414009D0FEF /* extentions.swift */; };
		0D0B60E222E66414009D0FEF /* StackView.swift in Sources */ = {isa = PBXBuildFile; fileRef = 0D0B60DA22E66414009D0FEF /* StackView.swift */; };
		0D0B60E322E66414009D0FEF /* BindableView.swift in Sources */ = {isa = PBXBuildFile; fileRef = 0D0B60DB22E66414009D0FEF /* BindableView.swift */; };
		0D0B60E422E66414009D0FEF /* SegmentedControl.swift in Sources */ = {isa = PBXBuildFile; fileRef = 0D0B60DC22E66414009D0FEF /* SegmentedControl.swift */; };
		0D0B60E522E66414009D0FEF /* TextField.swift in Sources */ = {isa = PBXBuildFile; fileRef = 0D0B60DD22E66414009D0FEF /* TextField.swift */; };
		0D0B60E622E66414009D0FEF /* Layout.swift in Sources */ = {isa = PBXBuildFile; fileRef = 0D0B60DE22E66414009D0FEF /* Layout.swift */; };
		0D0B60E722E66414009D0FEF /* Button.swift in Sources */ = {isa = PBXBuildFile; fileRef = 0D0B60DF22E66414009D0FEF /* Button.swift */; };
		0D0B60F022E679C5009D0FEF /* PlayerSearchViewController.swift in Sources */ = {isa = PBXBuildFile; fileRef = 0D0B60EF22E679C5009D0FEF /* PlayerSearchViewController.swift */; };
		0D0B60F222E688AF009D0FEF /* exts.swift in Sources */ = {isa = PBXBuildFile; fileRef = 0D0B60F122E688AF009D0FEF /* exts.swift */; };
		0D132340230368140000774D /* Style.swift in Sources */ = {isa = PBXBuildFile; fileRef = 0D13233F230368140000774D /* Style.swift */; };
		0D1DBFA622F8B59E0084F459 /* Model.framework in Frameworks */ = {isa = PBXBuildFile; fileRef = 0D1DBF9D22F8B59D0084F459 /* Model.framework */; };
		0D1DBFB222F8B59E0084F459 /* Model.framework in Frameworks */ = {isa = PBXBuildFile; fileRef = 0D1DBF9D22F8B59D0084F459 /* Model.framework */; };
		0D1DBFC122F8B78A0084F459 /* GloryRankTests.swift in Sources */ = {isa = PBXBuildFile; fileRef = 0D1DBFBB22F8B78A0084F459 /* GloryRankTests.swift */; };
		0D1DBFC222F8B78A0084F459 /* PlayerTests.swift in Sources */ = {isa = PBXBuildFile; fileRef = 0D1DBFBC22F8B78A0084F459 /* PlayerTests.swift */; };
		0D1DBFC322F8B78A0084F459 /* ProfileTests.swift in Sources */ = {isa = PBXBuildFile; fileRef = 0D1DBFBD22F8B78A0084F459 /* ProfileTests.swift */; };
		0D1DBFC422F8B78A0084F459 /* ProgressionTests.swift in Sources */ = {isa = PBXBuildFile; fileRef = 0D1DBFBE22F8B78A0084F459 /* ProgressionTests.swift */; };
		0D1DBFC522F8B78A0084F459 /* ActivityHistoryTests.swift in Sources */ = {isa = PBXBuildFile; fileRef = 0D1DBFBF22F8B78A0084F459 /* ActivityHistoryTests.swift */; };
		0D1DBFCD22F8B83A0084F459 /* Error.swift in Sources */ = {isa = PBXBuildFile; fileRef = 0D1DBFC622F8B83A0084F459 /* Error.swift */; };
		0D1DBFCE22F8B83A0084F459 /* ActivityHistory.swift in Sources */ = {isa = PBXBuildFile; fileRef = 0D1DBFC722F8B83A0084F459 /* ActivityHistory.swift */; };
		0D1DBFCF22F8B83A0084F459 /* Progression.swift in Sources */ = {isa = PBXBuildFile; fileRef = 0D1DBFC822F8B83A0084F459 /* Progression.swift */; };
		0D1DBFD122F8B83A0084F459 /* Profile.swift in Sources */ = {isa = PBXBuildFile; fileRef = 0D1DBFCA22F8B83A0084F459 /* Profile.swift */; };
		0D1DBFD222F8B83A0084F459 /* GloryRank.swift in Sources */ = {isa = PBXBuildFile; fileRef = 0D1DBFCB22F8B83A0084F459 /* GloryRank.swift */; };
		0D1DBFD322F8B83A0084F459 /* Player.swift in Sources */ = {isa = PBXBuildFile; fileRef = 0D1DBFCC22F8B83A0084F459 /* Player.swift */; };
		0D1DBFE822F8C41C0084F459 /* BungieTests.swift in Sources */ = {isa = PBXBuildFile; fileRef = 0D1DBFE722F8C41C0084F459 /* BungieTests.swift */; };
		0D1DBFEA22F8C4E40084F459 /* Model.framework in Frameworks */ = {isa = PBXBuildFile; fileRef = 0D1DBF9D22F8B59D0084F459 /* Model.framework */; };
		0D1DBFED22F8C5EE0084F459 /* Bungie.net.swift in Sources */ = {isa = PBXBuildFile; fileRef = 0D1DBFC922F8B83A0084F459 /* Bungie.net.swift */; };
		0D1DBFEE22F8C6690084F459 /* PMKFoundation.framework in Frameworks */ = {isa = PBXBuildFile; fileRef = 0D0D7EE322E79310009388CD /* PMKFoundation.framework */; };
		0D1DBFEF22F8C6690084F459 /* PromiseKit.framework in Frameworks */ = {isa = PBXBuildFile; fileRef = 0D0D7EE222E79310009388CD /* PromiseKit.framework */; };
		0D25377A2322FBB30029B18C /* Conditional.swift in Sources */ = {isa = PBXBuildFile; fileRef = 0D2537792322FBB30029B18C /* Conditional.swift */; };
		0D55DAFA2310351B00374ED9 /* View.swift in Sources */ = {isa = PBXBuildFile; fileRef = 0D55DAF92310351B00374ED9 /* View.swift */; };
		0D55DAFC2310373100374ED9 /* DeclarativeView.swift in Sources */ = {isa = PBXBuildFile; fileRef = 0D55DAFB2310373100374ED9 /* DeclarativeView.swift */; };
		0D70F8C522EA42F10025C83D /* PRIVATE_KEYS.swift in Sources */ = {isa = PBXBuildFile; fileRef = 0D70F8C422EA42F10025C83D /* PRIVATE_KEYS.swift */; };
		0D70F8CA22EA50D90025C83D /* State.swift in Sources */ = {isa = PBXBuildFile; fileRef = 0D70F8C922EA50D90025C83D /* State.swift */; };
		0D9303FF22E93A5E00992637 /* PMKFoundation.framework in Frameworks */ = {isa = PBXBuildFile; fileRef = 0D0D7EE322E79310009388CD /* PMKFoundation.framework */; };
		0D93040122E93A5E00992637 /* PromiseKit.framework in Frameworks */ = {isa = PBXBuildFile; fileRef = 0D0D7EE222E79310009388CD /* PromiseKit.framework */; };
		0D946BDD2308A1C800F7463B /* RecentActivityCard.swift in Sources */ = {isa = PBXBuildFile; fileRef = 0D946BDC2308A1C800F7463B /* RecentActivityCard.swift */; };
		0D9A1275230F8E95008EA53D /* Model.framework in Embed Frameworks */ = {isa = PBXBuildFile; fileRef = 0D1DBF9D22F8B59D0084F459 /* Model.framework */; settings = {ATTRIBUTES = (CodeSignOnCopy, RemoveHeadersOnCopy, ); }; };
		0D9D9A062308B27C00AE2D6A /* WeeklyBonusCard.swift in Sources */ = {isa = PBXBuildFile; fileRef = 0D9D9A052308B27C00AE2D6A /* WeeklyBonusCard.swift */; };
		0DAC35C7232978870002A371 /* PillView.swift in Sources */ = {isa = PBXBuildFile; fileRef = 0DAC35C6232978870002A371 /* PillView.swift */; };
		0DB0D2E4230B958F00BA719E /* Scrollable.swift in Sources */ = {isa = PBXBuildFile; fileRef = 0DB0D2E3230B958F00BA719E /* Scrollable.swift */; };
		0DD326FC23076ED300E7C3FB /* DebugUIViewController.swift in Sources */ = {isa = PBXBuildFile; fileRef = 0DD326FB23076ED300E7C3FB /* DebugUIViewController.swift */; };
		0DD326FE230770AD00E7C3FB /* NextRankupCard.swift in Sources */ = {isa = PBXBuildFile; fileRef = 0DD326FD230770AD00E7C3FB /* NextRankupCard.swift */; };
		0DD38582230E25A900FF4B04 /* LoadingViewController.swift in Sources */ = {isa = PBXBuildFile; fileRef = 0DD38581230E25A900FF4B04 /* LoadingViewController.swift */; };
		0DFA668F23089D2600626A66 /* CardView.swift in Sources */ = {isa = PBXBuildFile; fileRef = 0DFA668E23089D2600626A66 /* CardView.swift */; };
/* End PBXBuildFile section */

/* Begin PBXContainerItemProxy section */
		0D1DBFA722F8B59E0084F459 /* PBXContainerItemProxy */ = {
			isa = PBXContainerItemProxy;
			containerPortal = 0D0B60B522E660B4009D0FEF /* Project object */;
			proxyType = 1;
			remoteGlobalIDString = 0D1DBF9C22F8B59D0084F459;
			remoteInfo = Model;
		};
		0D1DBFB022F8B59E0084F459 /* PBXContainerItemProxy */ = {
			isa = PBXContainerItemProxy;
			containerPortal = 0D0B60B522E660B4009D0FEF /* Project object */;
			proxyType = 1;
			remoteGlobalIDString = 0D1DBF9C22F8B59D0084F459;
			remoteInfo = Model;
		};
		0D1DBFE222F8C3CC0084F459 /* PBXContainerItemProxy */ = {
			isa = PBXContainerItemProxy;
			containerPortal = 0D0B60B522E660B4009D0FEF /* Project object */;
			proxyType = 1;
			remoteGlobalIDString = 0D0B60BC22E660B4009D0FEF;
			remoteInfo = Fabled;
		};
		0D1DBFEB22F8C5520084F459 /* PBXContainerItemProxy */ = {
			isa = PBXContainerItemProxy;
			containerPortal = 0D0B60B522E660B4009D0FEF /* Project object */;
			proxyType = 1;
			remoteGlobalIDString = 0D1DBF9C22F8B59D0084F459;
			remoteInfo = Model;
		};
		0D1DBFF422F8C7B70084F459 /* PBXContainerItemProxy */ = {
			isa = PBXContainerItemProxy;
			containerPortal = 0D0B60B522E660B4009D0FEF /* Project object */;
			proxyType = 1;
			remoteGlobalIDString = 0D0B60BC22E660B4009D0FEF;
			remoteInfo = Fabled;
		};
/* End PBXContainerItemProxy section */

/* Begin PBXCopyFilesBuildPhase section */
		0D93040322E93A5E00992637 /* Embed Frameworks */ = {
			isa = PBXCopyFilesBuildPhase;
			buildActionMask = 2147483647;
			dstPath = "";
			dstSubfolderSpec = 10;
			files = (
				0D9A1275230F8E95008EA53D /* Model.framework in Embed Frameworks */,
			);
			name = "Embed Frameworks";
			runOnlyForDeploymentPostprocessing = 0;
		};
/* End PBXCopyFilesBuildPhase section */

/* Begin PBXFileReference section */
		0D0781F722FC8390006426FD /* RootPresentationViewController.swift */ = {isa = PBXFileReference; lastKnownFileType = sourcecode.swift; name = RootPresentationViewController.swift; path = Sources/RootPresentationViewController.swift; sourceTree = "<group>"; };
		0D0781F922FC897D006426FD /* Error.swift */ = {isa = PBXFileReference; lastKnownFileType = sourcecode.swift; name = Error.swift; path = Sources/Error.swift; sourceTree = "<group>"; };
		0D0A79C6230B0EE3002829C4 /* MoreInfoViewController.swift */ = {isa = PBXFileReference; indentWidth = 2; lastKnownFileType = sourcecode.swift; name = MoreInfoViewController.swift; path = Sources/MoreInfoViewController.swift; sourceTree = "<group>"; tabWidth = 2; };
		0D0B60BD22E660B4009D0FEF /* Fabled.app */ = {isa = PBXFileReference; explicitFileType = wrapper.application; includeInIndex = 0; path = Fabled.app; sourceTree = BUILT_PRODUCTS_DIR; };
		0D0B60C022E660B4009D0FEF /* AppDelegate.swift */ = {isa = PBXFileReference; lastKnownFileType = sourcecode.swift; name = AppDelegate.swift; path = Sources/AppDelegate.swift; sourceTree = "<group>"; };
		0D0B60C222E660B4009D0FEF /* GloryProfileViewController.swift */ = {isa = PBXFileReference; indentWidth = 2; lastKnownFileType = sourcecode.swift; name = GloryProfileViewController.swift; path = Sources/GloryProfileViewController.swift; sourceTree = "<group>"; tabWidth = 2; };
		0D0B60C722E660B6009D0FEF /* Assets.xcassets */ = {isa = PBXFileReference; lastKnownFileType = folder.assetcatalog; path = Assets.xcassets; sourceTree = "<group>"; };
		0D0B60CA22E660B6009D0FEF /* Base */ = {isa = PBXFileReference; lastKnownFileType = file.storyboard; name = Base; path = Base.lproj/LaunchScreen.storyboard; sourceTree = "<group>"; };
		0D0B60CC22E660B6009D0FEF /* Info.plist */ = {isa = PBXFileReference; lastKnownFileType = text.plist.xml; path = Info.plist; sourceTree = "<group>"; };
		0D0B60D822E66414009D0FEF /* Label.swift */ = {isa = PBXFileReference; fileEncoding = 4; lastKnownFileType = sourcecode.swift; path = Label.swift; sourceTree = "<group>"; };
		0D0B60D922E66414009D0FEF /* extentions.swift */ = {isa = PBXFileReference; fileEncoding = 4; lastKnownFileType = sourcecode.swift; path = extentions.swift; sourceTree = "<group>"; };
		0D0B60DA22E66414009D0FEF /* StackView.swift */ = {isa = PBXFileReference; fileEncoding = 4; lastKnownFileType = sourcecode.swift; path = StackView.swift; sourceTree = "<group>"; };
		0D0B60DB22E66414009D0FEF /* BindableView.swift */ = {isa = PBXFileReference; fileEncoding = 4; lastKnownFileType = sourcecode.swift; path = BindableView.swift; sourceTree = "<group>"; };
		0D0B60DC22E66414009D0FEF /* SegmentedControl.swift */ = {isa = PBXFileReference; fileEncoding = 4; lastKnownFileType = sourcecode.swift; path = SegmentedControl.swift; sourceTree = "<group>"; };
		0D0B60DD22E66414009D0FEF /* TextField.swift */ = {isa = PBXFileReference; fileEncoding = 4; lastKnownFileType = sourcecode.swift; path = TextField.swift; sourceTree = "<group>"; };
		0D0B60DE22E66414009D0FEF /* Layout.swift */ = {isa = PBXFileReference; fileEncoding = 4; lastKnownFileType = sourcecode.swift; path = Layout.swift; sourceTree = "<group>"; };
		0D0B60DF22E66414009D0FEF /* Button.swift */ = {isa = PBXFileReference; fileEncoding = 4; lastKnownFileType = sourcecode.swift; path = Button.swift; sourceTree = "<group>"; };
		0D0B60E922E66437009D0FEF /* LICENSE */ = {isa = PBXFileReference; fileEncoding = 4; lastKnownFileType = text; name = LICENSE; path = ../../State/LICENSE; sourceTree = "<group>"; };
		0D0B60EB22E66437009D0FEF /* README.md */ = {isa = PBXFileReference; fileEncoding = 4; lastKnownFileType = net.daringfireball.markdown; name = README.md; path = ../../State/README.md; sourceTree = "<group>"; };
		0D0B60EF22E679C5009D0FEF /* PlayerSearchViewController.swift */ = {isa = PBXFileReference; indentWidth = 2; lastKnownFileType = sourcecode.swift; name = PlayerSearchViewController.swift; path = Sources/PlayerSearchViewController.swift; sourceTree = "<group>"; tabWidth = 2; };
		0D0B60F122E688AF009D0FEF /* exts.swift */ = {isa = PBXFileReference; lastKnownFileType = sourcecode.swift; name = exts.swift; path = Sources/exts.swift; sourceTree = "<group>"; };
		0D0D7EE222E79310009388CD /* PromiseKit.framework */ = {isa = PBXFileReference; lastKnownFileType = wrapper.framework; name = PromiseKit.framework; path = Carthage/Build/iOS/PromiseKit.framework; sourceTree = "<group>"; };
		0D0D7EE322E79310009388CD /* PMKFoundation.framework */ = {isa = PBXFileReference; lastKnownFileType = wrapper.framework; name = PMKFoundation.framework; path = Carthage/Build/iOS/PMKFoundation.framework; sourceTree = "<group>"; };
		0D13233F230368140000774D /* Style.swift */ = {isa = PBXFileReference; lastKnownFileType = sourcecode.swift; name = Style.swift; path = Sources/Style.swift; sourceTree = "<group>"; };
		0D1DBF9D22F8B59D0084F459 /* Model.framework */ = {isa = PBXFileReference; explicitFileType = wrapper.framework; includeInIndex = 0; path = Model.framework; sourceTree = BUILT_PRODUCTS_DIR; };
		0D1DBFA022F8B59D0084F459 /* Info.plist */ = {isa = PBXFileReference; lastKnownFileType = text.plist.xml; path = Info.plist; sourceTree = "<group>"; };
		0D1DBFA522F8B59D0084F459 /* ModelTests.xctest */ = {isa = PBXFileReference; explicitFileType = wrapper.cfbundle; includeInIndex = 0; path = ModelTests.xctest; sourceTree = BUILT_PRODUCTS_DIR; };
		0D1DBFAE22F8B59E0084F459 /* Info.plist */ = {isa = PBXFileReference; lastKnownFileType = text.plist.xml; path = Info.plist; sourceTree = "<group>"; };
		0D1DBFBB22F8B78A0084F459 /* GloryRankTests.swift */ = {isa = PBXFileReference; fileEncoding = 4; lastKnownFileType = sourcecode.swift; path = GloryRankTests.swift; sourceTree = "<group>"; };
		0D1DBFBC22F8B78A0084F459 /* PlayerTests.swift */ = {isa = PBXFileReference; fileEncoding = 4; lastKnownFileType = sourcecode.swift; path = PlayerTests.swift; sourceTree = "<group>"; };
		0D1DBFBD22F8B78A0084F459 /* ProfileTests.swift */ = {isa = PBXFileReference; fileEncoding = 4; lastKnownFileType = sourcecode.swift; path = ProfileTests.swift; sourceTree = "<group>"; };
		0D1DBFBE22F8B78A0084F459 /* ProgressionTests.swift */ = {isa = PBXFileReference; fileEncoding = 4; lastKnownFileType = sourcecode.swift; path = ProgressionTests.swift; sourceTree = "<group>"; };
		0D1DBFBF22F8B78A0084F459 /* ActivityHistoryTests.swift */ = {isa = PBXFileReference; fileEncoding = 4; lastKnownFileType = sourcecode.swift; path = ActivityHistoryTests.swift; sourceTree = "<group>"; };
		0D1DBFC622F8B83A0084F459 /* Error.swift */ = {isa = PBXFileReference; fileEncoding = 4; lastKnownFileType = sourcecode.swift; path = Error.swift; sourceTree = "<group>"; };
		0D1DBFC722F8B83A0084F459 /* ActivityHistory.swift */ = {isa = PBXFileReference; fileEncoding = 4; lastKnownFileType = sourcecode.swift; path = ActivityHistory.swift; sourceTree = "<group>"; };
		0D1DBFC822F8B83A0084F459 /* Progression.swift */ = {isa = PBXFileReference; fileEncoding = 4; lastKnownFileType = sourcecode.swift; path = Progression.swift; sourceTree = "<group>"; };
		0D1DBFC922F8B83A0084F459 /* Bungie.net.swift */ = {isa = PBXFileReference; fileEncoding = 4; lastKnownFileType = sourcecode.swift; path = Bungie.net.swift; sourceTree = "<group>"; };
		0D1DBFCA22F8B83A0084F459 /* Profile.swift */ = {isa = PBXFileReference; fileEncoding = 4; lastKnownFileType = sourcecode.swift; path = Profile.swift; sourceTree = "<group>"; };
		0D1DBFCB22F8B83A0084F459 /* GloryRank.swift */ = {isa = PBXFileReference; fileEncoding = 4; lastKnownFileType = sourcecode.swift; path = GloryRank.swift; sourceTree = "<group>"; };
		0D1DBFCC22F8B83A0084F459 /* Player.swift */ = {isa = PBXFileReference; fileEncoding = 4; lastKnownFileType = sourcecode.swift; path = Player.swift; sourceTree = "<group>"; };
		0D1DBFDD22F8C3CC0084F459 /* AppTests.xctest */ = {isa = PBXFileReference; explicitFileType = wrapper.cfbundle; includeInIndex = 0; path = AppTests.xctest; sourceTree = BUILT_PRODUCTS_DIR; };
		0D1DBFE122F8C3CC0084F459 /* Info.plist */ = {isa = PBXFileReference; lastKnownFileType = text.plist.xml; path = Info.plist; sourceTree = "<group>"; };
		0D1DBFE722F8C41C0084F459 /* BungieTests.swift */ = {isa = PBXFileReference; fileEncoding = 4; lastKnownFileType = sourcecode.swift; path = BungieTests.swift; sourceTree = "<group>"; };
		0D2537792322FBB30029B18C /* Conditional.swift */ = {isa = PBXFileReference; lastKnownFileType = sourcecode.swift; path = Conditional.swift; sourceTree = "<group>"; };
		0D55DAF92310351B00374ED9 /* View.swift */ = {isa = PBXFileReference; lastKnownFileType = sourcecode.swift; path = View.swift; sourceTree = "<group>"; };
		0D55DAFB2310373100374ED9 /* DeclarativeView.swift */ = {isa = PBXFileReference; lastKnownFileType = sourcecode.swift; path = DeclarativeView.swift; sourceTree = "<group>"; };
		0D70F8C422EA42F10025C83D /* PRIVATE_KEYS.swift */ = {isa = PBXFileReference; lastKnownFileType = sourcecode.swift; path = PRIVATE_KEYS.swift; sourceTree = SOURCE_ROOT; };
		0D70F8C922EA50D90025C83D /* State.swift */ = {isa = PBXFileReference; lastKnownFileType = sourcecode.swift; path = State.swift; sourceTree = "<group>"; };
		0D946BDC2308A1C800F7463B /* RecentActivityCard.swift */ = {isa = PBXFileReference; indentWidth = 2; lastKnownFileType = sourcecode.swift; name = RecentActivityCard.swift; path = Sources/RecentActivityCard.swift; sourceTree = "<group>"; tabWidth = 2; };
		0D9D9A052308B27C00AE2D6A /* WeeklyBonusCard.swift */ = {isa = PBXFileReference; indentWidth = 2; lastKnownFileType = sourcecode.swift; name = WeeklyBonusCard.swift; path = Sources/WeeklyBonusCard.swift; sourceTree = "<group>"; tabWidth = 2; };
		0DAC35C6232978870002A371 /* PillView.swift */ = {isa = PBXFileReference; lastKnownFileType = sourcecode.swift; name = PillView.swift; path = Sources/PillView.swift; sourceTree = "<group>"; };
		0DB0D2E3230B958F00BA719E /* Scrollable.swift */ = {isa = PBXFileReference; lastKnownFileType = sourcecode.swift; path = Scrollable.swift; sourceTree = "<group>"; };
		0DD326FB23076ED300E7C3FB /* DebugUIViewController.swift */ = {isa = PBXFileReference; indentWidth = 2; lastKnownFileType = sourcecode.swift; name = DebugUIViewController.swift; path = Sources/DebugUIViewController.swift; sourceTree = "<group>"; tabWidth = 2; };
		0DD326FD230770AD00E7C3FB /* NextRankupCard.swift */ = {isa = PBXFileReference; indentWidth = 2; lastKnownFileType = sourcecode.swift; name = NextRankupCard.swift; path = Sources/NextRankupCard.swift; sourceTree = "<group>"; tabWidth = 2; };
		0DD38581230E25A900FF4B04 /* LoadingViewController.swift */ = {isa = PBXFileReference; lastKnownFileType = sourcecode.swift; name = LoadingViewController.swift; path = Sources/LoadingViewController.swift; sourceTree = "<group>"; };
		0DFA668E23089D2600626A66 /* CardView.swift */ = {isa = PBXFileReference; indentWidth = 4; lastKnownFileType = sourcecode.swift; name = CardView.swift; path = Sources/CardView.swift; sourceTree = "<group>"; tabWidth = 4; };
/* End PBXFileReference section */

/* Begin PBXFrameworksBuildPhase section */
		0D0B60BA22E660B4009D0FEF /* Frameworks */ = {
			isa = PBXFrameworksBuildPhase;
			buildActionMask = 2147483647;
			files = (
				0D1DBFB222F8B59E0084F459 /* Model.framework in Frameworks */,
				0D93040122E93A5E00992637 /* PromiseKit.framework in Frameworks */,
				0D9303FF22E93A5E00992637 /* PMKFoundation.framework in Frameworks */,
			);
			runOnlyForDeploymentPostprocessing = 0;
		};
		0D1DBF9A22F8B59D0084F459 /* Frameworks */ = {
			isa = PBXFrameworksBuildPhase;
			buildActionMask = 2147483647;
			files = (
				0D1DBFEF22F8C6690084F459 /* PromiseKit.framework in Frameworks */,
				0D1DBFEE22F8C6690084F459 /* PMKFoundation.framework in Frameworks */,
			);
			runOnlyForDeploymentPostprocessing = 0;
		};
		0D1DBFA222F8B59D0084F459 /* Frameworks */ = {
			isa = PBXFrameworksBuildPhase;
			buildActionMask = 2147483647;
			files = (
				0D1DBFA622F8B59E0084F459 /* Model.framework in Frameworks */,
			);
			runOnlyForDeploymentPostprocessing = 0;
		};
		0D1DBFDA22F8C3CC0084F459 /* Frameworks */ = {
			isa = PBXFrameworksBuildPhase;
			buildActionMask = 2147483647;
			files = (
				0D1DBFEA22F8C4E40084F459 /* Model.framework in Frameworks */,
			);
			runOnlyForDeploymentPostprocessing = 0;
		};
/* End PBXFrameworksBuildPhase section */

/* Begin PBXGroup section */
		0D0B60B422E660B4009D0FEF = {
			isa = PBXGroup;
			children = (
				0D0B60BF22E660B4009D0FEF /* Fabled */,
				0D1DBFAB22F8B59E0084F459 /* ModelTests */,
				0D1DBFDE22F8C3CC0084F459 /* AppTests */,
				0D0B60D722E66414009D0FEF /* BindableView */,
				0D0B60E822E66437009D0FEF /* State */,
				0D0B60BE22E660B4009D0FEF /* Products */,
				0D0B60D322E6626C009D0FEF /* Frameworks */,
			);
			sourceTree = "<group>";
		};
		0D0B60BE22E660B4009D0FEF /* Products */ = {
			isa = PBXGroup;
			children = (
				0D0B60BD22E660B4009D0FEF /* Fabled.app */,
				0D1DBF9D22F8B59D0084F459 /* Model.framework */,
				0D1DBFA522F8B59D0084F459 /* ModelTests.xctest */,
				0D1DBFDD22F8C3CC0084F459 /* AppTests.xctest */,
			);
			name = Products;
			sourceTree = "<group>";
		};
		0D0B60BF22E660B4009D0FEF /* Fabled */ = {
			isa = PBXGroup;
			children = (
				0D0B60C022E660B4009D0FEF /* AppDelegate.swift */,
				0D0781F722FC8390006426FD /* RootPresentationViewController.swift */,
				0D0B60EF22E679C5009D0FEF /* PlayerSearchViewController.swift */,
				0D0B60C222E660B4009D0FEF /* GloryProfileViewController.swift */,
				0D0A79C6230B0EE3002829C4 /* MoreInfoViewController.swift */,
				0DD38581230E25A900FF4B04 /* LoadingViewController.swift */,
				0DDA7C3A23089FA500964B42 /* Views */,
				0DD38580230E1F1700FF4B04 /* etc */,
				0D1DBF9E22F8B59D0084F459 /* Model */,
				0D0B60C722E660B6009D0FEF /* Assets.xcassets */,
				0D0B60D622E66316009D0FEF /* … */,
			);
			path = Fabled;
			sourceTree = "<group>";
		};
		0D0B60D322E6626C009D0FEF /* Frameworks */ = {
			isa = PBXGroup;
			children = (
				0D0D7EE322E79310009388CD /* PMKFoundation.framework */,
				0D0D7EE222E79310009388CD /* PromiseKit.framework */,
			);
			name = Frameworks;
			sourceTree = "<group>";
		};
		0D0B60D622E66316009D0FEF /* … */ = {
			isa = PBXGroup;
			children = (
				0D0B60CC22E660B6009D0FEF /* Info.plist */,
				0D0B60C922E660B6009D0FEF /* LaunchScreen.storyboard */,
				0D70F8C422EA42F10025C83D /* PRIVATE_KEYS.swift */,
			);
			name = "…";
			sourceTree = "<group>";
		};
		0D0B60D722E66414009D0FEF /* BindableView */ = {
			isa = PBXGroup;
			children = (
				0D55DAFB2310373100374ED9 /* DeclarativeView.swift */,
				0D0B60DB22E66414009D0FEF /* BindableView.swift */,
				0D55DAF92310351B00374ED9 /* View.swift */,
				0D0B60DA22E66414009D0FEF /* StackView.swift */,
				0D0B60DE22E66414009D0FEF /* Layout.swift */,
				0D0B60D822E66414009D0FEF /* Label.swift */,
				0D0B60DD22E66414009D0FEF /* TextField.swift */,
				0D0B60DF22E66414009D0FEF /* Button.swift */,
				0D0B60DC22E66414009D0FEF /* SegmentedControl.swift */,
				0DB0D2E3230B958F00BA719E /* Scrollable.swift */,
				0D2537792322FBB30029B18C /* Conditional.swift */,
				0D0B60D922E66414009D0FEF /* extentions.swift */,
			);
			path = BindableView;
			sourceTree = SOURCE_ROOT;
		};
		0D0B60E822E66437009D0FEF /* State */ = {
			isa = PBXGroup;
			children = (
				0D0B60E922E66437009D0FEF /* LICENSE */,
				0D70F8C922EA50D90025C83D /* State.swift */,
				0D0B60EB22E66437009D0FEF /* README.md */,
			);
			path = State;
			sourceTree = SOURCE_ROOT;
		};
		0D1DBF9E22F8B59D0084F459 /* Model */ = {
			isa = PBXGroup;
			children = (
				0D1DBFC922F8B83A0084F459 /* Bungie.net.swift */,
				0D1DBFCC22F8B83A0084F459 /* Player.swift */,
				0D1DBFCA22F8B83A0084F459 /* Profile.swift */,
				0D1DBFC722F8B83A0084F459 /* ActivityHistory.swift */,
				0D1DBFCB22F8B83A0084F459 /* GloryRank.swift */,
				0D1DBFC822F8B83A0084F459 /* Progression.swift */,
				0D1DBFC622F8B83A0084F459 /* Error.swift */,
				0D1DBFA022F8B59D0084F459 /* Info.plist */,
			);
			path = Model;
			sourceTree = "<group>";
		};
		0D1DBFAB22F8B59E0084F459 /* ModelTests */ = {
			isa = PBXGroup;
			children = (
				0D1DBFBC22F8B78A0084F459 /* PlayerTests.swift */,
				0D1DBFBD22F8B78A0084F459 /* ProfileTests.swift */,
				0D1DBFBF22F8B78A0084F459 /* ActivityHistoryTests.swift */,
				0D1DBFBB22F8B78A0084F459 /* GloryRankTests.swift */,
				0D1DBFBE22F8B78A0084F459 /* ProgressionTests.swift */,
				0D1DBFAE22F8B59E0084F459 /* Info.plist */,
			);
			name = ModelTests;
			path = Fabled/ModelTests;
			sourceTree = "<group>";
		};
		0D1DBFDE22F8C3CC0084F459 /* AppTests */ = {
			isa = PBXGroup;
			children = (
				0D1DBFE722F8C41C0084F459 /* BungieTests.swift */,
				0D1DBFE122F8C3CC0084F459 /* Info.plist */,
			);
			name = AppTests;
			path = Fabled/AppTests;
			sourceTree = "<group>";
		};
		0DD38580230E1F1700FF4B04 /* etc */ = {
			isa = PBXGroup;
			children = (
				0D0781F922FC897D006426FD /* Error.swift */,
				0D13233F230368140000774D /* Style.swift */,
				0DD326FB23076ED300E7C3FB /* DebugUIViewController.swift */,
				0D0B60F122E688AF009D0FEF /* exts.swift */,
			);
			name = etc;
			sourceTree = "<group>";
		};
		0DDA7C3A23089FA500964B42 /* Views */ = {
			isa = PBXGroup;
			children = (
				0DAC35C6232978870002A371 /* PillView.swift */,
				0DFA668E23089D2600626A66 /* CardView.swift */,
				0DD326FD230770AD00E7C3FB /* NextRankupCard.swift */,
				0D946BDC2308A1C800F7463B /* RecentActivityCard.swift */,
				0D9D9A052308B27C00AE2D6A /* WeeklyBonusCard.swift */,
			);
			name = Views;
			sourceTree = "<group>";
		};
/* End PBXGroup section */

/* Begin PBXHeadersBuildPhase section */
		0D1DBF9822F8B59D0084F459 /* Headers */ = {
			isa = PBXHeadersBuildPhase;
			buildActionMask = 2147483647;
			files = (
			);
			runOnlyForDeploymentPostprocessing = 0;
		};
/* End PBXHeadersBuildPhase section */

/* Begin PBXNativeTarget section */
		0D0B60BC22E660B4009D0FEF /* Fabled */ = {
			isa = PBXNativeTarget;
			buildConfigurationList = 0D0B60CF22E660B6009D0FEF /* Build configuration list for PBXNativeTarget "Fabled" */;
			buildPhases = (
				0D0B60B922E660B4009D0FEF /* Sources */,
				0D0B60BA22E660B4009D0FEF /* Frameworks */,
				0D0B60BB22E660B4009D0FEF /* Resources */,
				0D93040322E93A5E00992637 /* Embed Frameworks */,
				0D9A1272230F8215008EA53D /* ShellScript */,
			);
			buildRules = (
			);
			dependencies = (
				0D1DBFB122F8B59E0084F459 /* PBXTargetDependency */,
			);
			name = Fabled;
			productName = Fabled;
			productReference = 0D0B60BD22E660B4009D0FEF /* Fabled.app */;
			productType = "com.apple.product-type.application";
		};
		0D1DBF9C22F8B59D0084F459 /* Model */ = {
			isa = PBXNativeTarget;
			buildConfigurationList = 0D1DBFB422F8B59E0084F459 /* Build configuration list for PBXNativeTarget "Model" */;
			buildPhases = (
				0D1DBF9822F8B59D0084F459 /* Headers */,
				0D1DBF9922F8B59D0084F459 /* Sources */,
				0D1DBF9A22F8B59D0084F459 /* Frameworks */,
				0D1DBF9B22F8B59D0084F459 /* Resources */,
			);
			buildRules = (
			);
			dependencies = (
			);
			name = Model;
			productName = Model;
			productReference = 0D1DBF9D22F8B59D0084F459 /* Model.framework */;
			productType = "com.apple.product-type.framework";
		};
		0D1DBFA422F8B59D0084F459 /* ModelTests */ = {
			isa = PBXNativeTarget;
			buildConfigurationList = 0D1DBFB722F8B59E0084F459 /* Build configuration list for PBXNativeTarget "ModelTests" */;
			buildPhases = (
				0D1DBFA122F8B59D0084F459 /* Sources */,
				0D1DBFA222F8B59D0084F459 /* Frameworks */,
				0D1DBFA322F8B59D0084F459 /* Resources */,
			);
			buildRules = (
			);
			dependencies = (
				0D1DBFA822F8B59E0084F459 /* PBXTargetDependency */,
				0D1DBFF522F8C7B70084F459 /* PBXTargetDependency */,
			);
			name = ModelTests;
			productName = ModelTests;
			productReference = 0D1DBFA522F8B59D0084F459 /* ModelTests.xctest */;
			productType = "com.apple.product-type.bundle.unit-test";
		};
		0D1DBFDC22F8C3CC0084F459 /* AppTests */ = {
			isa = PBXNativeTarget;
			buildConfigurationList = 0D1DBFE422F8C3CC0084F459 /* Build configuration list for PBXNativeTarget "AppTests" */;
			buildPhases = (
				0D1DBFD922F8C3CC0084F459 /* Sources */,
				0D1DBFDA22F8C3CC0084F459 /* Frameworks */,
				0D1DBFDB22F8C3CC0084F459 /* Resources */,
			);
			buildRules = (
			);
			dependencies = (
				0D1DBFEC22F8C5520084F459 /* PBXTargetDependency */,
				0D1DBFE322F8C3CC0084F459 /* PBXTargetDependency */,
			);
			name = AppTests;
			productName = AppTests;
			productReference = 0D1DBFDD22F8C3CC0084F459 /* AppTests.xctest */;
			productType = "com.apple.product-type.bundle.unit-test";
		};
/* End PBXNativeTarget section */

/* Begin PBXProject section */
		0D0B60B522E660B4009D0FEF /* Project object */ = {
			isa = PBXProject;
			attributes = {
				LastSwiftUpdateCheck = 1020;
				LastUpgradeCheck = 1030;
				ORGANIZATIONNAME = "Nathan Hosselton";
				TargetAttributes = {
					0D0B60BC22E660B4009D0FEF = {
						CreatedOnToolsVersion = 10.2.1;
						SystemCapabilities = {
							com.apple.AutoFillCredentialProvider = {
								enabled = 1;
							};
							com.apple.Siri = {
								enabled = 1;
							};
						};
					};
					0D1DBF9C22F8B59D0084F459 = {
						CreatedOnToolsVersion = 10.2.1;
						LastSwiftMigration = 1020;
					};
					0D1DBFA422F8B59D0084F459 = {
						CreatedOnToolsVersion = 10.2.1;
						LastSwiftMigration = 1020;
						TestTargetID = 0D0B60BC22E660B4009D0FEF;
					};
					0D1DBFDC22F8C3CC0084F459 = {
						CreatedOnToolsVersion = 10.2.1;
						TestTargetID = 0D0B60BC22E660B4009D0FEF;
					};
				};
			};
			buildConfigurationList = 0D0B60B822E660B4009D0FEF /* Build configuration list for PBXProject "Fabled" */;
			compatibilityVersion = "Xcode 9.3";
			developmentRegion = en;
			hasScannedForEncodings = 0;
			knownRegions = (
				en,
				Base,
			);
			mainGroup = 0D0B60B422E660B4009D0FEF;
			productRefGroup = 0D0B60BE22E660B4009D0FEF /* Products */;
			projectDirPath = "";
			projectRoot = "";
			targets = (
				0D0B60BC22E660B4009D0FEF /* Fabled */,
				0D1DBFDC22F8C3CC0084F459 /* AppTests */,
				0D1DBF9C22F8B59D0084F459 /* Model */,
				0D1DBFA422F8B59D0084F459 /* ModelTests */,
			);
		};
/* End PBXProject section */

/* Begin PBXResourcesBuildPhase section */
		0D0B60BB22E660B4009D0FEF /* Resources */ = {
			isa = PBXResourcesBuildPhase;
			buildActionMask = 2147483647;
			files = (
				0D0B60CB22E660B6009D0FEF /* LaunchScreen.storyboard in Resources */,
				0D0B60C822E660B6009D0FEF /* Assets.xcassets in Resources */,
			);
			runOnlyForDeploymentPostprocessing = 0;
		};
		0D1DBF9B22F8B59D0084F459 /* Resources */ = {
			isa = PBXResourcesBuildPhase;
			buildActionMask = 2147483647;
			files = (
			);
			runOnlyForDeploymentPostprocessing = 0;
		};
		0D1DBFA322F8B59D0084F459 /* Resources */ = {
			isa = PBXResourcesBuildPhase;
			buildActionMask = 2147483647;
			files = (
			);
			runOnlyForDeploymentPostprocessing = 0;
		};
		0D1DBFDB22F8C3CC0084F459 /* Resources */ = {
			isa = PBXResourcesBuildPhase;
			buildActionMask = 2147483647;
			files = (
			);
			runOnlyForDeploymentPostprocessing = 0;
		};
/* End PBXResourcesBuildPhase section */

/* Begin PBXShellScriptBuildPhase section */
		0D9A1272230F8215008EA53D /* ShellScript */ = {
			isa = PBXShellScriptBuildPhase;
			buildActionMask = 2147483647;
			files = (
			);
			inputFileListPaths = (
				"$(SRCROOT)/Fabled/input.xcfilelist",
			);
			inputPaths = (
			);
			outputFileListPaths = (
				"$(SRCROOT)/Fabled/output.xcfilelist",
			);
			outputPaths = (
			);
			runOnlyForDeploymentPostprocessing = 0;
			shellPath = /bin/sh;
			shellScript = "/usr/local/bin/carthage copy-frameworks\n";
		};
/* End PBXShellScriptBuildPhase section */

/* Begin PBXSourcesBuildPhase section */
		0D0B60B922E660B4009D0FEF /* Sources */ = {
			isa = PBXSourcesBuildPhase;
			buildActionMask = 2147483647;
			files = (
				0D25377A2322FBB30029B18C /* Conditional.swift in Sources */,
				0D55DAFA2310351B00374ED9 /* View.swift in Sources */,
				0D0781FA22FC897D006426FD /* Error.swift in Sources */,
				0D0781F822FC8390006426FD /* RootPresentationViewController.swift in Sources */,
				0D70F8CA22EA50D90025C83D /* State.swift in Sources */,
				0D132340230368140000774D /* Style.swift in Sources */,
				0D0B60F022E679C5009D0FEF /* PlayerSearchViewController.swift in Sources */,
				0DB0D2E4230B958F00BA719E /* Scrollable.swift in Sources */,
				0D0B60E122E66414009D0FEF /* extentions.swift in Sources */,
				0DD38582230E25A900FF4B04 /* LoadingViewController.swift in Sources */,
				0D946BDD2308A1C800F7463B /* RecentActivityCard.swift in Sources */,
				0DD326FC23076ED300E7C3FB /* DebugUIViewController.swift in Sources */,
				0D0B60E322E66414009D0FEF /* BindableView.swift in Sources */,
				0DD326FE230770AD00E7C3FB /* NextRankupCard.swift in Sources */,
				0D9D9A062308B27C00AE2D6A /* WeeklyBonusCard.swift in Sources */,
				0D0B60E422E66414009D0FEF /* SegmentedControl.swift in Sources */,
				0D0B60E522E66414009D0FEF /* TextField.swift in Sources */,
				0D0B60C322E660B4009D0FEF /* GloryProfileViewController.swift in Sources */,
				0DAC35C7232978870002A371 /* PillView.swift in Sources */,
				0D0B60F222E688AF009D0FEF /* exts.swift in Sources */,
				0D0B60E722E66414009D0FEF /* Button.swift in Sources */,
				0D55DAFC2310373100374ED9 /* DeclarativeView.swift in Sources */,
				0DFA668F23089D2600626A66 /* CardView.swift in Sources */,
				0D0B60E622E66414009D0FEF /* Layout.swift in Sources */,
				0D0B60C122E660B4009D0FEF /* AppDelegate.swift in Sources */,
				0D0B60E022E66414009D0FEF /* Label.swift in Sources */,
				0D70F8C522EA42F10025C83D /* PRIVATE_KEYS.swift in Sources */,
				0D0A79C7230B0EE3002829C4 /* MoreInfoViewController.swift in Sources */,
				0D0B60E222E66414009D0FEF /* StackView.swift in Sources */,
			);
			runOnlyForDeploymentPostprocessing = 0;
		};
		0D1DBF9922F8B59D0084F459 /* Sources */ = {
			isa = PBXSourcesBuildPhase;
			buildActionMask = 2147483647;
			files = (
				0D1DBFED22F8C5EE0084F459 /* Bungie.net.swift in Sources */,
				0D1DBFCF22F8B83A0084F459 /* Progression.swift in Sources */,
				0D1DBFD122F8B83A0084F459 /* Profile.swift in Sources */,
				0D1DBFCD22F8B83A0084F459 /* Error.swift in Sources */,
				0D1DBFD322F8B83A0084F459 /* Player.swift in Sources */,
				0D1DBFCE22F8B83A0084F459 /* ActivityHistory.swift in Sources */,
				0D1DBFD222F8B83A0084F459 /* GloryRank.swift in Sources */,
			);
			runOnlyForDeploymentPostprocessing = 0;
		};
		0D1DBFA122F8B59D0084F459 /* Sources */ = {
			isa = PBXSourcesBuildPhase;
			buildActionMask = 2147483647;
			files = (
				0D1DBFC322F8B78A0084F459 /* ProfileTests.swift in Sources */,
				0D1DBFC422F8B78A0084F459 /* ProgressionTests.swift in Sources */,
				0D1DBFC222F8B78A0084F459 /* PlayerTests.swift in Sources */,
				0D1DBFC122F8B78A0084F459 /* GloryRankTests.swift in Sources */,
				0D1DBFC522F8B78A0084F459 /* ActivityHistoryTests.swift in Sources */,
			);
			runOnlyForDeploymentPostprocessing = 0;
		};
		0D1DBFD922F8C3CC0084F459 /* Sources */ = {
			isa = PBXSourcesBuildPhase;
			buildActionMask = 2147483647;
			files = (
				0D1DBFE822F8C41C0084F459 /* BungieTests.swift in Sources */,
			);
			runOnlyForDeploymentPostprocessing = 0;
		};
/* End PBXSourcesBuildPhase section */

/* Begin PBXTargetDependency section */
		0D1DBFA822F8B59E0084F459 /* PBXTargetDependency */ = {
			isa = PBXTargetDependency;
			target = 0D1DBF9C22F8B59D0084F459 /* Model */;
			targetProxy = 0D1DBFA722F8B59E0084F459 /* PBXContainerItemProxy */;
		};
		0D1DBFB122F8B59E0084F459 /* PBXTargetDependency */ = {
			isa = PBXTargetDependency;
			target = 0D1DBF9C22F8B59D0084F459 /* Model */;
			targetProxy = 0D1DBFB022F8B59E0084F459 /* PBXContainerItemProxy */;
		};
		0D1DBFE322F8C3CC0084F459 /* PBXTargetDependency */ = {
			isa = PBXTargetDependency;
			target = 0D0B60BC22E660B4009D0FEF /* Fabled */;
			targetProxy = 0D1DBFE222F8C3CC0084F459 /* PBXContainerItemProxy */;
		};
		0D1DBFEC22F8C5520084F459 /* PBXTargetDependency */ = {
			isa = PBXTargetDependency;
			target = 0D1DBF9C22F8B59D0084F459 /* Model */;
			targetProxy = 0D1DBFEB22F8C5520084F459 /* PBXContainerItemProxy */;
		};
		0D1DBFF522F8C7B70084F459 /* PBXTargetDependency */ = {
			isa = PBXTargetDependency;
			target = 0D0B60BC22E660B4009D0FEF /* Fabled */;
			targetProxy = 0D1DBFF422F8C7B70084F459 /* PBXContainerItemProxy */;
		};
/* End PBXTargetDependency section */

/* Begin PBXVariantGroup section */
		0D0B60C922E660B6009D0FEF /* LaunchScreen.storyboard */ = {
			isa = PBXVariantGroup;
			children = (
				0D0B60CA22E660B6009D0FEF /* Base */,
			);
			name = LaunchScreen.storyboard;
			sourceTree = "<group>";
		};
/* End PBXVariantGroup section */

/* Begin XCBuildConfiguration section */
		0D0B60CD22E660B6009D0FEF /* Debug */ = {
			isa = XCBuildConfiguration;
			buildSettings = {
				ALWAYS_SEARCH_USER_PATHS = NO;
				CLANG_ANALYZER_NONNULL = YES;
				CLANG_ANALYZER_NUMBER_OBJECT_CONVERSION = YES_AGGRESSIVE;
				CLANG_CXX_LANGUAGE_STANDARD = "gnu++14";
				CLANG_CXX_LIBRARY = "libc++";
				CLANG_ENABLE_MODULES = YES;
				CLANG_ENABLE_OBJC_ARC = YES;
				CLANG_ENABLE_OBJC_WEAK = YES;
				CLANG_WARN_BLOCK_CAPTURE_AUTORELEASING = YES;
				CLANG_WARN_BOOL_CONVERSION = YES;
				CLANG_WARN_COMMA = YES;
				CLANG_WARN_CONSTANT_CONVERSION = YES;
				CLANG_WARN_DEPRECATED_OBJC_IMPLEMENTATIONS = YES;
				CLANG_WARN_DIRECT_OBJC_ISA_USAGE = YES_ERROR;
				CLANG_WARN_DOCUMENTATION_COMMENTS = YES;
				CLANG_WARN_EMPTY_BODY = YES;
				CLANG_WARN_ENUM_CONVERSION = YES;
				CLANG_WARN_INFINITE_RECURSION = YES;
				CLANG_WARN_INT_CONVERSION = YES;
				CLANG_WARN_NON_LITERAL_NULL_CONVERSION = YES;
				CLANG_WARN_OBJC_IMPLICIT_RETAIN_SELF = YES;
				CLANG_WARN_OBJC_LITERAL_CONVERSION = YES;
				CLANG_WARN_OBJC_ROOT_CLASS = YES_ERROR;
				CLANG_WARN_RANGE_LOOP_ANALYSIS = YES;
				CLANG_WARN_STRICT_PROTOTYPES = YES;
				CLANG_WARN_SUSPICIOUS_MOVE = YES;
				CLANG_WARN_UNGUARDED_AVAILABILITY = YES_AGGRESSIVE;
				CLANG_WARN_UNREACHABLE_CODE = YES;
				CLANG_WARN__DUPLICATE_METHOD_MATCH = YES;
				CODE_SIGN_IDENTITY = "iPhone Developer";
				COPY_PHASE_STRIP = NO;
				CURRENT_PROJECT_VERSION = 0.1.0;
				DEBUG_INFORMATION_FORMAT = dwarf;
				ENABLE_STRICT_OBJC_MSGSEND = YES;
				ENABLE_TESTABILITY = YES;
				GCC_C_LANGUAGE_STANDARD = gnu11;
				GCC_DYNAMIC_NO_PIC = NO;
				GCC_NO_COMMON_BLOCKS = YES;
				GCC_OPTIMIZATION_LEVEL = 0;
				GCC_PREPROCESSOR_DEFINITIONS = (
					"DEBUG=1",
					"$(inherited)",
				);
				GCC_WARN_64_TO_32_BIT_CONVERSION = YES;
				GCC_WARN_ABOUT_RETURN_TYPE = YES_ERROR;
				GCC_WARN_UNDECLARED_SELECTOR = YES;
				GCC_WARN_UNINITIALIZED_AUTOS = YES_AGGRESSIVE;
				GCC_WARN_UNUSED_FUNCTION = YES;
				GCC_WARN_UNUSED_VARIABLE = YES;
				IPHONEOS_DEPLOYMENT_TARGET = 10.3;
				MTL_ENABLE_DEBUG_INFO = INCLUDE_SOURCE;
				MTL_FAST_MATH = YES;
				ONLY_ACTIVE_ARCH = YES;
				SDKROOT = iphoneos;
				SWIFT_ACTIVE_COMPILATION_CONDITIONS = DEBUG;
				SWIFT_OPTIMIZATION_LEVEL = "-Onone";
			};
			name = Debug;
		};
		0D0B60CE22E660B6009D0FEF /* Release */ = {
			isa = XCBuildConfiguration;
			buildSettings = {
				ALWAYS_SEARCH_USER_PATHS = NO;
				CLANG_ANALYZER_NONNULL = YES;
				CLANG_ANALYZER_NUMBER_OBJECT_CONVERSION = YES_AGGRESSIVE;
				CLANG_CXX_LANGUAGE_STANDARD = "gnu++14";
				CLANG_CXX_LIBRARY = "libc++";
				CLANG_ENABLE_MODULES = YES;
				CLANG_ENABLE_OBJC_ARC = YES;
				CLANG_ENABLE_OBJC_WEAK = YES;
				CLANG_WARN_BLOCK_CAPTURE_AUTORELEASING = YES;
				CLANG_WARN_BOOL_CONVERSION = YES;
				CLANG_WARN_COMMA = YES;
				CLANG_WARN_CONSTANT_CONVERSION = YES;
				CLANG_WARN_DEPRECATED_OBJC_IMPLEMENTATIONS = YES;
				CLANG_WARN_DIRECT_OBJC_ISA_USAGE = YES_ERROR;
				CLANG_WARN_DOCUMENTATION_COMMENTS = YES;
				CLANG_WARN_EMPTY_BODY = YES;
				CLANG_WARN_ENUM_CONVERSION = YES;
				CLANG_WARN_INFINITE_RECURSION = YES;
				CLANG_WARN_INT_CONVERSION = YES;
				CLANG_WARN_NON_LITERAL_NULL_CONVERSION = YES;
				CLANG_WARN_OBJC_IMPLICIT_RETAIN_SELF = YES;
				CLANG_WARN_OBJC_LITERAL_CONVERSION = YES;
				CLANG_WARN_OBJC_ROOT_CLASS = YES_ERROR;
				CLANG_WARN_RANGE_LOOP_ANALYSIS = YES;
				CLANG_WARN_STRICT_PROTOTYPES = YES;
				CLANG_WARN_SUSPICIOUS_MOVE = YES;
				CLANG_WARN_UNGUARDED_AVAILABILITY = YES_AGGRESSIVE;
				CLANG_WARN_UNREACHABLE_CODE = YES;
				CLANG_WARN__DUPLICATE_METHOD_MATCH = YES;
				CODE_SIGN_IDENTITY = "iPhone Developer";
				COPY_PHASE_STRIP = NO;
				CURRENT_PROJECT_VERSION = 0.1.0;
				DEBUG_INFORMATION_FORMAT = "dwarf-with-dsym";
				ENABLE_NS_ASSERTIONS = NO;
				ENABLE_STRICT_OBJC_MSGSEND = YES;
				GCC_C_LANGUAGE_STANDARD = gnu11;
				GCC_NO_COMMON_BLOCKS = YES;
				GCC_WARN_64_TO_32_BIT_CONVERSION = YES;
				GCC_WARN_ABOUT_RETURN_TYPE = YES_ERROR;
				GCC_WARN_UNDECLARED_SELECTOR = YES;
				GCC_WARN_UNINITIALIZED_AUTOS = YES_AGGRESSIVE;
				GCC_WARN_UNUSED_FUNCTION = YES;
				GCC_WARN_UNUSED_VARIABLE = YES;
				IPHONEOS_DEPLOYMENT_TARGET = 10.3;
				MTL_ENABLE_DEBUG_INFO = NO;
				MTL_FAST_MATH = YES;
				SDKROOT = iphoneos;
				SWIFT_COMPILATION_MODE = wholemodule;
				SWIFT_OPTIMIZATION_LEVEL = "-O";
				VALIDATE_PRODUCT = YES;
			};
			name = Release;
		};
		0D0B60D022E660B6009D0FEF /* Debug */ = {
			isa = XCBuildConfiguration;
			buildSettings = {
				ALWAYS_EMBED_SWIFT_STANDARD_LIBRARIES = YES;
				ASSETCATALOG_COMPILER_APPICON_NAME = AppIcon;
				CODE_SIGN_ENTITLEMENTS = "";
				CODE_SIGN_IDENTITY = "iPhone Developer";
				CODE_SIGN_STYLE = Automatic;
				CURRENT_PROJECT_VERSION = 1.2.2;
				DEVELOPMENT_TEAM = GTZ6E2N5Z9;
				FRAMEWORK_SEARCH_PATHS = (
					"$(inherited)",
					"$(PROJECT_DIR)/Carthage/Build/iOS",
				);
				INFOPLIST_FILE = Fabled/Info.plist;
				IPHONEOS_DEPLOYMENT_TARGET = 10.3;
				LD_RUNPATH_SEARCH_PATHS = (
					"$(inherited)",
					"@executable_path/Frameworks",
				);
				PRODUCT_BUNDLE_IDENTIFIER = dev.NathanHosselton.iOS.Fabled;
				PRODUCT_NAME = "$(TARGET_NAME)";
				PROVISIONING_PROFILE_SPECIFIER = "";
				SWIFT_ACTIVE_COMPILATION_CONDITIONS = "DEBUG UIPREVIEWoff";
				SWIFT_VERSION = 5.0;
				TARGETED_DEVICE_FAMILY = 1;
			};
			name = Debug;
		};
		0D0B60D122E660B6009D0FEF /* Release */ = {
			isa = XCBuildConfiguration;
			buildSettings = {
				ALWAYS_EMBED_SWIFT_STANDARD_LIBRARIES = YES;
				ASSETCATALOG_COMPILER_APPICON_NAME = AppIcon;
				CODE_SIGN_ENTITLEMENTS = "";
				CODE_SIGN_IDENTITY = "iPhone Developer";
				CODE_SIGN_STYLE = Automatic;
				CURRENT_PROJECT_VERSION = 1.2.2;
				DEVELOPMENT_TEAM = GTZ6E2N5Z9;
				FRAMEWORK_SEARCH_PATHS = (
					"$(inherited)",
					"$(PROJECT_DIR)/Carthage/Build/iOS",
				);
				INFOPLIST_FILE = Fabled/Info.plist;
				IPHONEOS_DEPLOYMENT_TARGET = 10.3;
				LD_RUNPATH_SEARCH_PATHS = (
					"$(inherited)",
					"@executable_path/Frameworks",
				);
				PRODUCT_BUNDLE_IDENTIFIER = dev.NathanHosselton.iOS.Fabled;
				PRODUCT_NAME = "$(TARGET_NAME)";
				PROVISIONING_PROFILE_SPECIFIER = "";
				SWIFT_VERSION = 5.0;
				TARGETED_DEVICE_FAMILY = 1;
			};
			name = Release;
		};
		0D1DBFB522F8B59E0084F459 /* Debug */ = {
			isa = XCBuildConfiguration;
			buildSettings = {
				CLANG_ENABLE_MODULES = YES;
				CODE_SIGN_IDENTITY = "";
				CODE_SIGN_STYLE = Manual;
				CURRENT_PROJECT_VERSION = 1;
				DEFINES_MODULE = YES;
				DEVELOPMENT_TEAM = "";
				DYLIB_COMPATIBILITY_VERSION = 1;
				DYLIB_CURRENT_VERSION = 1;
				DYLIB_INSTALL_NAME_BASE = "@rpath";
				FRAMEWORK_SEARCH_PATHS = (
					"$(inherited)",
					"$(PROJECT_DIR)/Carthage/Build/iOS",
				);
				INFOPLIST_FILE = Fabled/Model/Info.plist;
				INSTALL_PATH = "$(LOCAL_LIBRARY_DIR)/Frameworks";
				IPHONEOS_DEPLOYMENT_TARGET = 10.3;
				LD_RUNPATH_SEARCH_PATHS = (
					"$(inherited)",
					"@executable_path/Frameworks",
				);
				PRODUCT_BUNDLE_IDENTIFIER = dev.NathanHosselton.iOS.Fabled.Model;
				PRODUCT_NAME = "$(TARGET_NAME:c99extidentifier)";
				PROVISIONING_PROFILE_SPECIFIER = "";
				SKIP_INSTALL = YES;
				SWIFT_OPTIMIZATION_LEVEL = "-Onone";
				SWIFT_VERSION = 5.0;
				TARGETED_DEVICE_FAMILY = "1,2";
				VERSIONING_SYSTEM = "apple-generic";
				VERSION_INFO_PREFIX = "";
			};
			name = Debug;
		};
		0D1DBFB622F8B59E0084F459 /* Release */ = {
			isa = XCBuildConfiguration;
			buildSettings = {
				CLANG_ENABLE_MODULES = YES;
				CODE_SIGN_IDENTITY = "";
				CODE_SIGN_STYLE = Manual;
				CURRENT_PROJECT_VERSION = 1;
				DEFINES_MODULE = YES;
				DEVELOPMENT_TEAM = "";
				DYLIB_COMPATIBILITY_VERSION = 1;
				DYLIB_CURRENT_VERSION = 1;
				DYLIB_INSTALL_NAME_BASE = "@rpath";
				FRAMEWORK_SEARCH_PATHS = (
					"$(inherited)",
					"$(PROJECT_DIR)/Carthage/Build/iOS",
				);
				INFOPLIST_FILE = Fabled/Model/Info.plist;
				INSTALL_PATH = "$(LOCAL_LIBRARY_DIR)/Frameworks";
				IPHONEOS_DEPLOYMENT_TARGET = 10.3;
				LD_RUNPATH_SEARCH_PATHS = (
					"$(inherited)",
					"@executable_path/Frameworks",
				);
				PRODUCT_BUNDLE_IDENTIFIER = dev.NathanHosselton.iOS.Fabled.Model;
				PRODUCT_NAME = "$(TARGET_NAME:c99extidentifier)";
				PROVISIONING_PROFILE_SPECIFIER = "";
				SKIP_INSTALL = YES;
				SWIFT_VERSION = 5.0;
				TARGETED_DEVICE_FAMILY = "1,2";
				VERSIONING_SYSTEM = "apple-generic";
				VERSION_INFO_PREFIX = "";
			};
			name = Release;
		};
		0D1DBFB822F8B59E0084F459 /* Debug */ = {
			isa = XCBuildConfiguration;
			buildSettings = {
				ALWAYS_EMBED_SWIFT_STANDARD_LIBRARIES = YES;
				CLANG_ENABLE_MODULES = YES;
				CODE_SIGN_STYLE = Manual;
				DEVELOPMENT_TEAM = "";
				FRAMEWORK_SEARCH_PATHS = (
					"$(inherited)",
					"$(PROJECT_DIR)/Carthage/Build/iOS",
				);
				INFOPLIST_FILE = Fabled/ModelTests/Info.plist;
				IPHONEOS_DEPLOYMENT_TARGET = 10.3;
				LD_RUNPATH_SEARCH_PATHS = (
					"$(inherited)",
					"@executable_path/Frameworks",
					"@loader_path/Frameworks",
				);
				PRODUCT_BUNDLE_IDENTIFIER = dev.NathanHosselton.iOS.Fabled.ModelTests;
				PRODUCT_NAME = "$(TARGET_NAME)";
				PROVISIONING_PROFILE_SPECIFIER = "";
				SWIFT_OPTIMIZATION_LEVEL = "-Onone";
				SWIFT_VERSION = 5.0;
				TARGETED_DEVICE_FAMILY = "1,2";
				TEST_HOST = "$(BUILT_PRODUCTS_DIR)/Fabled.app/Fabled";
			};
			name = Debug;
		};
		0D1DBFB922F8B59E0084F459 /* Release */ = {
			isa = XCBuildConfiguration;
			buildSettings = {
				ALWAYS_EMBED_SWIFT_STANDARD_LIBRARIES = YES;
				CLANG_ENABLE_MODULES = YES;
				CODE_SIGN_STYLE = Manual;
				DEVELOPMENT_TEAM = "";
				FRAMEWORK_SEARCH_PATHS = (
					"$(inherited)",
					"$(PROJECT_DIR)/Carthage/Build/iOS",
				);
				INFOPLIST_FILE = Fabled/ModelTests/Info.plist;
				IPHONEOS_DEPLOYMENT_TARGET = 10.3;
				LD_RUNPATH_SEARCH_PATHS = (
					"$(inherited)",
					"@executable_path/Frameworks",
					"@loader_path/Frameworks",
				);
				PRODUCT_BUNDLE_IDENTIFIER = dev.NathanHosselton.iOS.Fabled.ModelTests;
				PRODUCT_NAME = "$(TARGET_NAME)";
				PROVISIONING_PROFILE_SPECIFIER = "";
				SWIFT_VERSION = 5.0;
				TARGETED_DEVICE_FAMILY = "1,2";
				TEST_HOST = "$(BUILT_PRODUCTS_DIR)/Fabled.app/Fabled";
			};
			name = Release;
		};
		0D1DBFE522F8C3CC0084F459 /* Debug */ = {
			isa = XCBuildConfiguration;
			buildSettings = {
				BUNDLE_LOADER = "$(TEST_HOST)";
				CODE_SIGN_STYLE = Manual;
				DEVELOPMENT_TEAM = "";
				FRAMEWORK_SEARCH_PATHS = (
					"$(inherited)",
					"$(PROJECT_DIR)/Carthage/Build/iOS",
				);
				INFOPLIST_FILE = Fabled/AppTests/Info.plist;
				IPHONEOS_DEPLOYMENT_TARGET = 10.3;
				LD_RUNPATH_SEARCH_PATHS = (
					"$(inherited)",
					"@executable_path/Frameworks",
					"@loader_path/Frameworks",
				);
				PRODUCT_BUNDLE_IDENTIFIER = dev.NathanHosselton.iOS.Fabled.AppTests;
				PRODUCT_NAME = "$(TARGET_NAME)";
				PROVISIONING_PROFILE_SPECIFIER = "";
				SWIFT_VERSION = 5.0;
				TARGETED_DEVICE_FAMILY = "1,2";
				TEST_HOST = "$(BUILT_PRODUCTS_DIR)/Fabled.app/Fabled";
			};
			name = Debug;
		};
		0D1DBFE622F8C3CC0084F459 /* Release */ = {
			isa = XCBuildConfiguration;
			buildSettings = {
				BUNDLE_LOADER = "$(TEST_HOST)";
				CODE_SIGN_STYLE = Manual;
				DEVELOPMENT_TEAM = "";
				FRAMEWORK_SEARCH_PATHS = (
					"$(inherited)",
					"$(PROJECT_DIR)/Carthage/Build/iOS",
				);
				INFOPLIST_FILE = Fabled/AppTests/Info.plist;
				IPHONEOS_DEPLOYMENT_TARGET = 10.3;
				LD_RUNPATH_SEARCH_PATHS = (
					"$(inherited)",
					"@executable_path/Frameworks",
					"@loader_path/Frameworks",
				);
				PRODUCT_BUNDLE_IDENTIFIER = dev.NathanHosselton.iOS.Fabled.AppTests;
				PRODUCT_NAME = "$(TARGET_NAME)";
				PROVISIONING_PROFILE_SPECIFIER = "";
				SWIFT_VERSION = 5.0;
				TARGETED_DEVICE_FAMILY = "1,2";
				TEST_HOST = "$(BUILT_PRODUCTS_DIR)/Fabled.app/Fabled";
			};
			name = Release;
		};
/* End XCBuildConfiguration section */

/* Begin XCConfigurationList section */
		0D0B60B822E660B4009D0FEF /* Build configuration list for PBXProject "Fabled" */ = {
			isa = XCConfigurationList;
			buildConfigurations = (
				0D0B60CD22E660B6009D0FEF /* Debug */,
				0D0B60CE22E660B6009D0FEF /* Release */,
			);
			defaultConfigurationIsVisible = 0;
			defaultConfigurationName = Release;
		};
		0D0B60CF22E660B6009D0FEF /* Build configuration list for PBXNativeTarget "Fabled" */ = {
			isa = XCConfigurationList;
			buildConfigurations = (
				0D0B60D022E660B6009D0FEF /* Debug */,
				0D0B60D122E660B6009D0FEF /* Release */,
			);
			defaultConfigurationIsVisible = 0;
			defaultConfigurationName = Release;
		};
		0D1DBFB422F8B59E0084F459 /* Build configuration list for PBXNativeTarget "Model" */ = {
			isa = XCConfigurationList;
			buildConfigurations = (
				0D1DBFB522F8B59E0084F459 /* Debug */,
				0D1DBFB622F8B59E0084F459 /* Release */,
			);
			defaultConfigurationIsVisible = 0;
			defaultConfigurationName = Release;
		};
		0D1DBFB722F8B59E0084F459 /* Build configuration list for PBXNativeTarget "ModelTests" */ = {
			isa = XCConfigurationList;
			buildConfigurations = (
				0D1DBFB822F8B59E0084F459 /* Debug */,
				0D1DBFB922F8B59E0084F459 /* Release */,
			);
			defaultConfigurationIsVisible = 0;
			defaultConfigurationName = Release;
		};
		0D1DBFE422F8C3CC0084F459 /* Build configuration list for PBXNativeTarget "AppTests" */ = {
			isa = XCConfigurationList;
			buildConfigurations = (
				0D1DBFE522F8C3CC0084F459 /* Debug */,
				0D1DBFE622F8C3CC0084F459 /* Release */,
			);
			defaultConfigurationIsVisible = 0;
			defaultConfigurationName = Release;
		};
/* End XCConfigurationList section */
	};
	rootObject = 0D0B60B522E660B4009D0FEF /* Project object */;
}
